<?xml version="1.0" encoding="utf-8"?>
<Project ToolsVersion="4.0" xmlns="http://schemas.microsoft.com/developer/msbuild/2003">
  <ItemGroup>
    <Filter Include="ソース ファイル">
      <UniqueIdentifier>{4FC737F1-C7A5-4376-A066-2A32D752A2FF}</UniqueIdentifier>
      <Extensions>cpp;c;cc;cxx;c++;cppm;ixx;def;odl;idl;hpj;bat;asm;asmx</Extensions>
    </Filter>
    <Filter Include="ヘッダー ファイル">
      <UniqueIdentifier>{93995380-89BD-4b04-88EB-625FBE52EBFB}</UniqueIdentifier>
      <Extensions>h;hh;hpp;hxx;h++;hm;inl;inc;ipp;xsd</Extensions>
    </Filter>
    <Filter Include="リソース ファイル">
      <UniqueIdentifier>{67DA6AB6-F800-4c08-8B7A-83BB121AAD01}</UniqueIdentifier>
      <Extensions>rc;ico;cur;bmp;dlg;rc2;rct;bin;rgs;gif;jpg;jpeg;jpe;resx;tiff;tif;png;wav;mfcribbon-ms</Extensions>
    </Filter>
    <Filter Include="ソース ファイル\Application">
      <UniqueIdentifier>{70b7b6a2-c0f7-4da6-a2c7-69d538933225}</UniqueIdentifier>
    </Filter>
    <Filter Include="ソース ファイル\Framework">
      <UniqueIdentifier>{ad2cf478-aef2-4b7a-8803-178e3710521a}</UniqueIdentifier>
    </Filter>
    <Filter Include="ソース ファイル\Framework\Shader">
      <UniqueIdentifier>{2e936225-290e-4388-a452-d47a1cff979e}</UniqueIdentifier>
    </Filter>
    <Filter Include="ソース ファイル\Framework\Shader\SampleShader">
      <UniqueIdentifier>{efe6cbba-d5cd-47c4-8516-07456e7746c4}</UniqueIdentifier>
    </Filter>
    <Filter Include="ソース ファイル\Framework\Texture">
      <UniqueIdentifier>{effdf227-79dc-483f-849b-8c779411262b}</UniqueIdentifier>
    </Filter>
    <Filter Include="ソース ファイル\Framework\Mesh">
      <UniqueIdentifier>{49d3d4bc-3609-4786-b78f-68e331fbb060}</UniqueIdentifier>
    </Filter>
    <Filter Include="ソース ファイル\Framework\Buffer">
      <UniqueIdentifier>{87c88788-8b48-4248-9993-f2fca2d6add1}</UniqueIdentifier>
    </Filter>
    <Filter Include="ソース ファイル\Framework\CommandList">
      <UniqueIdentifier>{f411ed50-6c8b-41e3-b726-6e2569695b7c}</UniqueIdentifier>
    </Filter>
    <Filter Include="ソース ファイル\Framework\Fence">
      <UniqueIdentifier>{441be0ca-67c1-43c2-9c65-47ad1cefd40e}</UniqueIdentifier>
    </Filter>
    <Filter Include="ソース ファイル\Framework\Pool">
      <UniqueIdentifier>{47605f16-547c-4afe-a633-c083e3ab96e6}</UniqueIdentifier>
    </Filter>
    <Filter Include="ソース ファイル\Framework\Target">
      <UniqueIdentifier>{235ee742-b90e-409e-abf2-432fc3b48f74}</UniqueIdentifier>
    </Filter>
    <Filter Include="ソース ファイル\Framework\Utility">
      <UniqueIdentifier>{0a6cffb5-2671-4b96-bc3f-48f2502e88f5}</UniqueIdentifier>
    </Filter>
    <Filter Include="ソース ファイル\Framework\Buffer\IndexBuffer">
      <UniqueIdentifier>{3e7414c3-4300-4e2a-9616-c81fb3376ecd}</UniqueIdentifier>
    </Filter>
    <Filter Include="ソース ファイル\Framework\Buffer\ConstantBuffer">
      <UniqueIdentifier>{b582bb28-499d-4b53-a347-c59054451c9b}</UniqueIdentifier>
    </Filter>
    <Filter Include="ソース ファイル\Framework\Buffer\VertexBuffer">
      <UniqueIdentifier>{3596b833-b5df-4e84-897e-8daffc805a90}</UniqueIdentifier>
    </Filter>
    <Filter Include="ソース ファイル\Framework\GraphicsDevice">
      <UniqueIdentifier>{3fc11c7b-1c9a-4a33-8fff-482e4238d25c}</UniqueIdentifier>
    </Filter>
    <Filter Include="ソース ファイル\Framework\Pool\DescriptorPool">
      <UniqueIdentifier>{ec2d4718-7183-4494-82ec-50b1bbb1e117}</UniqueIdentifier>
    </Filter>
    <Filter Include="ソース ファイル\Framework\Target\ColorTarget">
      <UniqueIdentifier>{40358375-5406-4384-96bc-9550f21916db}</UniqueIdentifier>
    </Filter>
    <Filter Include="ソース ファイル\Framework\Target\DepthTarget">
      <UniqueIdentifier>{ef313611-f9bc-447c-98dd-cd013f8238f4}</UniqueIdentifier>
    </Filter>
    <Filter Include="ソース ファイル\Framework\Texture\TextureManager">
      <UniqueIdentifier>{7d509f3f-dca6-4231-a560-f3eeb913fe6e}</UniqueIdentifier>
    </Filter>
    <Filter Include="ソース ファイル\Framework\Utility\ComPtr">
      <UniqueIdentifier>{d82e88d9-853c-49d2-8f39-1b36966f2bb3}</UniqueIdentifier>
    </Filter>
    <Filter Include="ソース ファイル\Framework\Utility\FileUtil">
      <UniqueIdentifier>{e9349251-cd6e-4fe3-9f27-c6320b9cc72f}</UniqueIdentifier>
    </Filter>
    <Filter Include="ソース ファイル\Framework\Utility\Debug">
      <UniqueIdentifier>{e6ed28ac-d78a-4e45-bc71-551b37516312}</UniqueIdentifier>
    </Filter>
    <Filter Include="ソース ファイル\Framework\Utility\Debug\Logger">
      <UniqueIdentifier>{7c7940b4-2148-4860-93cd-448b22e04c7a}</UniqueIdentifier>
    </Filter>
    <Filter Include="ソース ファイル\Framework\Utility\InlineUtil">
      <UniqueIdentifier>{98c777ea-376a-4b61-b6fa-cec6f21cde66}</UniqueIdentifier>
    </Filter>
    <Filter Include="ソース ファイル\Framework\Mesh\Material">
      <UniqueIdentifier>{e57813f5-a20f-4957-88aa-6af732a11da0}</UniqueIdentifier>
    </Filter>
    <Filter Include="ソース ファイル\Framework\Mesh\MeshLoader">
      <UniqueIdentifier>{f39b0d01-c9a6-40b1-a390-58b522bfde4b}</UniqueIdentifier>
    </Filter>
    <Filter Include="ソース ファイル\Framework\Mesh\PolygonMeshResource">
      <UniqueIdentifier>{438f188b-16e6-4d76-a9be-468ac8b9dc83}</UniqueIdentifier>
    </Filter>
    <Filter Include="ソース ファイル\Framework\Shader\MeshShader">
      <UniqueIdentifier>{5eb83c49-b1ca-4480-8861-a83b888f940c}</UniqueIdentifier>
    </Filter>
  </ItemGroup>
  <ItemGroup>
    <ClInclude Include="Source\Application\Application.h">
      <Filter>ソース ファイル\Application</Filter>
    </ClInclude>
    <ClInclude Include="Source\Pch.h">
      <Filter>ソース ファイル</Filter>
    </ClInclude>
    <ClInclude Include="Source\Framework\Mesh\Mesh.h">
      <Filter>ソース ファイル\Framework\Mesh</Filter>
    </ClInclude>
    <ClInclude Include="Source\Framework\Buffer\ConstantBuffer\ConstantBuffer.h">
      <Filter>ソース ファイル\Framework\Buffer\ConstantBuffer</Filter>
    </ClInclude>
    <ClInclude Include="Source\Framework\Buffer\IndexBuffer\IndexBuffer.h">
      <Filter>ソース ファイル\Framework\Buffer\IndexBuffer</Filter>
    </ClInclude>
    <ClInclude Include="Source\Framework\Buffer\VertexBuffer\VertexBuffer.h">
      <Filter>ソース ファイル\Framework\Buffer\VertexBuffer</Filter>
    </ClInclude>
    <ClInclude Include="Source\Framework\CommandList\CommandList.h">
      <Filter>ソース ファイル\Framework\CommandList</Filter>
    </ClInclude>
    <ClInclude Include="Source\Framework\Fence\Fence.h">
      <Filter>ソース ファイル\Framework\Fence</Filter>
    </ClInclude>
    <ClInclude Include="Source\Framework\GraphicsDevice\GraphicsDevice.h">
      <Filter>ソース ファイル\Framework\GraphicsDevice</Filter>
    </ClInclude>
    <ClInclude Include="Source\Framework\Pool\Pool.h">
      <Filter>ソース ファイル\Framework\Pool</Filter>
    </ClInclude>
    <ClInclude Include="Source\Framework\Pool\DescriptorPool\DescriptorPool.h">
      <Filter>ソース ファイル\Framework\Pool\DescriptorPool</Filter>
    </ClInclude>
    <ClInclude Include="Source\Framework\Target\ColorTarget\ColorTarget.h">
      <Filter>ソース ファイル\Framework\Target\ColorTarget</Filter>
    </ClInclude>
    <ClInclude Include="Source\Framework\Target\DepthTarget\DepthTarget.h">
      <Filter>ソース ファイル\Framework\Target\DepthTarget</Filter>
    </ClInclude>
    <ClInclude Include="Source\Framework\Texture\Texture.h">
      <Filter>ソース ファイル\Framework\Texture</Filter>
    </ClInclude>
    <ClInclude Include="Source\Framework\Texture\TextureManager\TextureManager.h">
      <Filter>ソース ファイル\Framework\Texture\TextureManager</Filter>
    </ClInclude>
    <ClInclude Include="Source\Framework\Utility\InlineUtil\InlineUTil.h">
      <Filter>ソース ファイル\Framework\Utility\InlineUtil</Filter>
    </ClInclude>
    <ClInclude Include="Source\Framework\Utility\FileUtil\FileUtil.h">
      <Filter>ソース ファイル\Framework\Utility\FileUtil</Filter>
    </ClInclude>
    <ClInclude Include="Source\Framework\Utility\Debug\Logger\Logger.h">
      <Filter>ソース ファイル\Framework\Utility\Debug\Logger</Filter>
    </ClInclude>
    <ClInclude Include="Source\Framework\Utility\ComPtr\ComPtr.h">
      <Filter>ソース ファイル\Framework\Utility\ComPtr</Filter>
    </ClInclude>
    <ClInclude Include="Source\Framework\Mesh\MeshResource.h">
      <Filter>ソース ファイル\Framework\Mesh</Filter>
    </ClInclude>
    <ClInclude Include="Source\Framework\Mesh\ResData.h">
      <Filter>ソース ファイル\Framework\Mesh</Filter>
    </ClInclude>
    <ClInclude Include="Source\Framework\Mesh\ResMesh.h">
      <Filter>ソース ファイル\Framework\Mesh</Filter>
    </ClInclude>
    <ClInclude Include="Source\Framework\Mesh\PolygonMeshResource\PolygonMeshResource.h">
      <Filter>ソース ファイル\Framework\Mesh\PolygonMeshResource</Filter>
    </ClInclude>
    <ClInclude Include="Source\Framework\Mesh\MeshLoader\MeshLoader.h">
      <Filter>ソース ファイル\Framework\Mesh\MeshLoader</Filter>
    </ClInclude>
    <ClInclude Include="Source\Framework\Mesh\Material\Material.h">
      <Filter>ソース ファイル\Framework\Mesh\Material</Filter>
    </ClInclude>
    <ClInclude Include="Source\Framework\Mesh\Material\ResMaterial.h">
      <Filter>ソース ファイル\Framework\Mesh\Material</Filter>
    </ClInclude>
  </ItemGroup>
  <ItemGroup>
    <ClCompile Include="Source\Application\Application.cpp">
      <Filter>ソース ファイル\Application</Filter>
    </ClCompile>
    <ClCompile Include="Source\main.cpp">
      <Filter>ソース ファイル</Filter>
    </ClCompile>
    <ClCompile Include="Source\Pch.cpp">
      <Filter>ソース ファイル</Filter>
    </ClCompile>
    <ClCompile Include="Source\Framework\Mesh\Mesh.cpp">
      <Filter>ソース ファイル\Framework\Mesh</Filter>
    </ClCompile>
    <ClCompile Include="Source\Framework\Buffer\ConstantBuffer\ConstantBuffer.cpp">
      <Filter>ソース ファイル\Framework\Buffer\ConstantBuffer</Filter>
    </ClCompile>
    <ClCompile Include="Source\Framework\Buffer\IndexBuffer\IndexBuffer.cpp">
      <Filter>ソース ファイル\Framework\Buffer\IndexBuffer</Filter>
    </ClCompile>
    <ClCompile Include="Source\Framework\Buffer\VertexBuffer\VertexBuffer.cpp">
      <Filter>ソース ファイル\Framework\Buffer\VertexBuffer</Filter>
    </ClCompile>
    <ClCompile Include="Source\Framework\CommandList\CommandList.cpp">
      <Filter>ソース ファイル\Framework\CommandList</Filter>
    </ClCompile>
    <ClCompile Include="Source\Framework\Fence\Fence.cpp">
      <Filter>ソース ファイル\Framework\Fence</Filter>
    </ClCompile>
    <ClCompile Include="Source\Framework\GraphicsDevice\GraphicsDevice.cpp">
      <Filter>ソース ファイル\Framework\GraphicsDevice</Filter>
    </ClCompile>
    <ClCompile Include="Source\Framework\Pool\DescriptorPool\DescriptorPool.cpp">
      <Filter>ソース ファイル\Framework\Pool\DescriptorPool</Filter>
    </ClCompile>
    <ClCompile Include="Source\Framework\Target\ColorTarget\ColorTarget.cpp">
      <Filter>ソース ファイル\Framework\Target\ColorTarget</Filter>
    </ClCompile>
    <ClCompile Include="Source\Framework\Target\DepthTarget\DepthTarget.cpp">
      <Filter>ソース ファイル\Framework\Target\DepthTarget</Filter>
    </ClCompile>
    <ClCompile Include="Source\Framework\Texture\Texture.cpp">
      <Filter>ソース ファイル\Framework\Texture</Filter>
    </ClCompile>
    <ClCompile Include="Source\Framework\Texture\TextureManager\TextureManager.cpp">
      <Filter>ソース ファイル\Framework\Texture\TextureManager</Filter>
    </ClCompile>
    <ClCompile Include="Source\Framework\Utility\FileUtil\FileUtil.cpp">
      <Filter>ソース ファイル\Framework\Utility\FileUtil</Filter>
    </ClCompile>
    <ClCompile Include="Source\Framework\Utility\Debug\Logger\Logger.cpp">
      <Filter>ソース ファイル\Framework\Utility\Debug\Logger</Filter>
    </ClCompile>
    <ClCompile Include="Source\Framework\Mesh\ResMesh.cpp">
      <Filter>ソース ファイル\Framework\Mesh</Filter>
    </ClCompile>
    <ClCompile Include="Source\Framework\Mesh\PolygonMeshResource\PolygonMeshResource.cpp">
      <Filter>ソース ファイル\Framework\Mesh\PolygonMeshResource</Filter>
    </ClCompile>
    <ClCompile Include="Source\Framework\Mesh\MeshLoader\MeshLoader.cpp">
      <Filter>ソース ファイル\Framework\Mesh\MeshLoader</Filter>
    </ClCompile>
    <ClCompile Include="Source\Framework\Mesh\Material\Material.cpp">
      <Filter>ソース ファイル\Framework\Mesh\Material</Filter>
    </ClCompile>
    <ClCompile Include="Source\Framework\Mesh\Material\ResMaterial.cpp">
      <Filter>ソース ファイル\Framework\Mesh\Material</Filter>
    </ClCompile>
  </ItemGroup>
  <ItemGroup>
    <FxCompile Include="Source\Framework\Shader\SampleShader\SimpleVS.hlsl">
      <Filter>ソース ファイル\Framework\Shader\SampleShader</Filter>
    </FxCompile>
    <FxCompile Include="Source\Framework\Shader\SampleShader\SimplePS.hlsl">
      <Filter>ソース ファイル\Framework\Shader\SampleShader</Filter>
    </FxCompile>
    <FxCompile Include="Source\Framework\Shader\MeshShader\MeshShaderVS.hlsl">
      <Filter>ソース ファイル\Framework\Shader\MeshShader</Filter>
    </FxCompile>
    <FxCompile Include="Source\Framework\Shader\MeshShader\MeshShaderPS.hlsl">
      <Filter>ソース ファイル\Framework\Shader\MeshShader</Filter>
    </FxCompile>
  </ItemGroup>
  <ItemGroup>
    <None Include="Source\Framework\Shader\SampleShader\SimpleInc.hlsli">
      <Filter>ソース ファイル\Framework\Shader\SampleShader</Filter>
    </None>
    <None Include="Source\Framework\Shader\MeshShader\MeshShaderInc.hlsli">
      <Filter>ソース ファイル\Framework\Shader\MeshShader</Filter>
    </None>
  </ItemGroup>
</Project>