<?xml version="1.0" encoding="utf-8"?>
<Project ToolsVersion="4.0" xmlns="http://schemas.microsoft.com/developer/msbuild/2003">
  <ItemGroup>
    <ClCompile Include="Source\Application\Application.cpp">
      <Filter>Application</Filter>
    </ClCompile>
    <ClCompile Include="Source\Application\WindowSettings\WindowSettings.cpp">
      <Filter>Application\WindowSettings</Filter>
    </ClCompile>
    <ClCompile Include="Source\Editor\Assets\AssetDatabase.cpp">
      <Filter>Editor\Assets</Filter>
    </ClCompile>
    <ClCompile Include="Source\Editor\Assets\DirectoryWatcher\DirectoryWatcher.cpp">
      <Filter>Editor\Assets\DirectoryWatcher</Filter>
    </ClCompile>
    <ClCompile Include="Source\Editor\Commands\CommandHistory\CommandHistory.cpp">
      <Filter>Editor\Commands\CommandHistory</Filter>
    </ClCompile>
    <ClCompile Include="Source\Editor\Commands\ComponentCommands\ComponentCommands.cpp">
      <Filter>Editor\Commands\ComponentCommands</Filter>
    </ClCompile>
    <ClCompile Include="Source\Editor\Commands\ObjectCommands\ObjectCommands.cpp">
      <Filter>Editor\Commands\ObjectCommands</Filter>
    </ClCompile>
    <ClCompile Include="Source\Editor\Components\ComponentInspectors\ComponentInspectors.cpp">
      <Filter>Editor\Components\ComponentInspectors</Filter>
    </ClCompile>
    <ClCompile Include="Source\Editor\EditorApp\EditorApp.cpp">
      <Filter>Editor\EditorApp</Filter>
    </ClCompile>
    <ClCompile Include="Source\Editor\Effect\EffectAsset.cpp">
      <Filter>Editor\Effect</Filter>
    </ClCompile>
    <ClCompile Include="Source\Editor\Panels\ContentBrowserPanel\ContentBrowserPanel.cpp">
      <Filter>Editor\Panels\ContentBrowserPanel</Filter>
    </ClCompile>
    <ClCompile Include="Source\Editor\Panels\EffectEditorPanel\EffectEditorPanel.cpp">
      <Filter>Editor\Panels\EffectEditorPanel</Filter>
    </ClCompile>
    <ClCompile Include="Source\Editor\Panels\HierarchyPanel\HierarchyPanel.cpp">
      <Filter>Editor\Panels\HierarchyPanel</Filter>
    </ClCompile>
    <ClCompile Include="Source\Editor\Panels\InspectorPanel\InspectorPanel.cpp">
      <Filter>Editor\Panels\InspectorPanel</Filter>
    </ClCompile>
    <ClCompile Include="Source\Editor\Panels\PanelManager\PanelManager.cpp">
      <Filter>Editor\Panels\PanelManager</Filter>
    </ClCompile>
    <ClCompile Include="Source\Editor\Panels\ViewportPanel\ViewportPanel.cpp">
      <Filter>Editor\Panels\ViewportPanel</Filter>
    </ClCompile>
    <ClCompile Include="Source\Editor\Prefab\PrefabSystem\PrefabSystem.cpp">
      <Filter>Editor\Prefab\PrefabSystem</Filter>
    </ClCompile>
    <ClCompile Include="Source\Editor\Scene\SceneEditor\SceneEditor.cpp">
      <Filter>Editor\Scene\SceneEditor</Filter>
    </ClCompile>
    <ClCompile Include="Source\Engine\Asset\AssetTextFile\AssetTextFile.cpp">
      <Filter>Engine\Asset\AssetTextFile</Filter>
    </ClCompile>
    <ClCompile Include="Source\Engine\Asset\PrefabAsset\PrefabAsset.cpp">
      <Filter>Engine\Asset\PrefabAsset</Filter>
    </ClCompile>
    <ClCompile Include="Source\Engine\Asset\SceneAsset\SceneAsset.cpp">
      <Filter>Engine\Asset\SceneAsset</Filter>
    </ClCompile>
    <ClCompile Include="Source\Engine\Camera\CameraBase.cpp">
      <Filter>Engine\Camera</Filter>
    </ClCompile>
    <ClCompile Include="Source\Engine\Camera\FPSCamera\FPSCamera.cpp">
      <Filter>Engine\Camera\FPSCamera</Filter>
    </ClCompile>
    <ClCompile Include="Source\Engine\EditorUI\Core\Context\Context.cpp">
      <Filter>Engine\EditorUI\Core\Context</Filter>
    </ClCompile>
    <ClCompile Include="Source\Engine\EditorUI\Core\Context\FrameContext\FrameContext.cpp">
      <Filter>Engine\EditorUI\Core\Context\FrameContext</Filter>
    </ClCompile>
    <ClCompile Include="Source\Engine\EditorUI\Core\Context\WidgetInteraction\WidgetInteraction.cpp">
      <Filter>Engine\EditorUI\Core\Context\WidgetInteraction</Filter>
    </ClCompile>
    <ClCompile Include="Source\Engine\EditorUI\Core\Context\WidgetInteractionState\WidgetInteractionState.cpp">
      <Filter>Engine\EditorUI\Core\Context\WidgetInteractionState</Filter>
    </ClCompile>
    <ClCompile Include="Source\Engine\EditorUI\Core\Context\WindowInteraction\WindowInteraction.cpp">
      <Filter>Engine\EditorUI\Core\Context\WindowInteraction</Filter>
    </ClCompile>
    <ClCompile Include="Source\Engine\EditorUI\Core\Context\WindowManager\WindowManager.cpp">
      <Filter>Engine\EditorUI\Core\Context\WindowManager</Filter>
    </ClCompile>
    <ClCompile Include="Source\Engine\EditorUI\Core\DrawList\DrawList.cpp">
      <Filter>Engine\EditorUI\Core\DrawList</Filter>
    </ClCompile>
    <ClCompile Include="Source\Engine\EditorUI\Core\InputTracker\InputTracker.cpp">
      <Filter>Engine\EditorUI\Core\InputTracker</Filter>
    </ClCompile>
    <ClCompile Include="Source\Engine\EditorUI\Docking\DockController\DockController.cpp">
      <Filter>Engine\EditorUI\Docking\DockController</Filter>
    </ClCompile>
    <ClCompile Include="Source\Engine\EditorUI\Docking\DockSpace\DockSpace.cpp">
      <Filter>Engine\EditorUI\Docking\DockSpace</Filter>
    </ClCompile>
    <ClCompile Include="Source\Engine\EditorUI\Render\EditorUIRenderer\EditorUIRenderer.cpp">
      <Filter>Engine\EditorUI\Render\EditorUIRenderer</Filter>
    </ClCompile>
    <ClCompile Include="Source\Engine\EditorUI\Render\UIFrameGeometry\UIFrameGeometry.cpp">
      <Filter>Engine\EditorUI\Render\UIFrameGeometry</Filter>
    </ClCompile>
    <ClCompile Include="Source\Engine\EditorUI\Text\Font\Font.cpp">
      <Filter>Engine\EditorUI\Text\Font</Filter>
    </ClCompile>
    <ClCompile Include="Source\Engine\EditorUI\Text\TextLayout\TextLayout.cpp">
      <Filter>Engine\EditorUI\Text\TextLayout</Filter>
    </ClCompile>
    <ClCompile Include="Source\Engine\EditorUI\Widgets\ColorWidgets.cpp">
      <Filter>Engine\EditorUI\Widgets</Filter>
    </ClCompile>
    <ClCompile Include="Source\Engine\EditorUI\Widgets\ContainerWidgets.cpp">
      <Filter>Engine\EditorUI\Widgets</Filter>
    </ClCompile>
    <ClCompile Include="Source\Engine\EditorUI\Widgets\ValueWidgets.cpp">
      <Filter>Engine\EditorUI\Widgets</Filter>
    </ClCompile>
    <ClCompile Include="Source\Engine\EditorUI\Widgets\Widgets.cpp">
      <Filter>Engine\EditorUI\Widgets</Filter>
    </ClCompile>
    <ClCompile Include="Source\Engine\Effect\GpuParticleSystem\GpuParticleSystem.cpp">
      <Filter>Engine\Effect\GpuParticleSystem</Filter>
    </ClCompile>
    <ClCompile Include="Source\Engine\GameObject\ComponentRegistry\ComponentRegistry.cpp">
      <Filter>Engine\GameObject\ComponentRegistry</Filter>
    </ClCompile>
    <ClCompile Include="Source\Engine\GameObject\Components\MeshComponent\MeshComponent.cpp">
      <Filter>Engine\GameObject\Components\MeshComponent</Filter>
    </ClCompile>
    <ClCompile Include="Source\Engine\GameObject\Components\MeshletComponent\MeshletComponent.cpp">
      <Filter>Engine\GameObject\Components\MeshletComponent</Filter>
    </ClCompile>
    <ClCompile Include="Source\Engine\GameObject\Components\TransformComponent\TransformComponent.cpp">
      <Filter>Engine\GameObject\Components\TransformComponent</Filter>
    </ClCompile>
    <ClCompile Include="Source\Engine\GameObject\GameObject.cpp">
      <Filter>Engine\GameObject</Filter>
    </ClCompile>
    <ClCompile Include="Source\Engine\GameObject\GameObjectFactory\GameObjectFactory.cpp">
      <Filter>Engine\GameObject\GameObjectFactory</Filter>
    </ClCompile>
    <ClCompile Include="Source\Engine\GameObject\GameObjectManager.cpp">
      <Filter>Engine\GameObject</Filter>
    </ClCompile>
    <ClCompile Include="Source\Engine\Input\InputManager\InputManager.cpp">
      <Filter>Engine\Input\InputManager</Filter>
    </ClCompile>
    <ClCompile Include="Source\Engine\Input\KeyboardInput\KeyboardInput.cpp">
      <Filter>Engine\Input\KeyboardInput</Filter>
    </ClCompile>
    <ClCompile Include="Source\Engine\Input\MouseInput\MouseInput.cpp">
      <Filter>Engine\Input\MouseInput</Filter>
    </ClCompile>
    <ClCompile Include="Source\Engine\Mesh\Material\Material.cpp">
      <Filter>Engine\Mesh\Material</Filter>
    </ClCompile>
    <ClCompile Include="Source\Engine\Mesh\Mesh\Mesh.cpp">
      <Filter>Engine\Mesh\Mesh</Filter>
    </ClCompile>
    <ClCompile Include="Source\Engine\Mesh\MeshletResource\MeshletResource.cpp">
      <Filter>Engine\Mesh\MeshletResource</Filter>
    </ClCompile>
    <ClCompile Include="Source\Engine\Mesh\MeshLoader\MeshLoader.cpp">
      <Filter>Engine\Mesh\MeshLoader</Filter>
    </ClCompile>
    <ClCompile Include="Source\Engine\Mesh\PolygonMeshResource\PolygonMeshResource.cpp">
      <Filter>Engine\Mesh\PolygonMeshResource</Filter>
    </ClCompile>
    <ClCompile Include="Source\Engine\Renderer\GraphicsView\GraphicsView.cpp">
      <Filter>Engine\Renderer\GraphicsView</Filter>
    </ClCompile>
    <ClCompile Include="Source\Engine\Renderer\PostProcess\PostProcessEffects\BloomEffect\BloomEffect.cpp">
      <Filter>Engine\Renderer\PostProcess\PostProcessEffects\BloomEffect</Filter>
    </ClCompile>
    <ClCompile Include="Source\Engine\Renderer\PostProcess\PostProcessStack\PostProcessStack.cpp">
      <Filter>Engine\Renderer\PostProcess\PostProcessStack</Filter>
    </ClCompile>
    <ClCompile Include="Source\Engine\Renderer\Renderer.cpp">
      <Filter>Engine\Renderer</Filter>
    </ClCompile>
    <ClCompile Include="Source\Engine\Renderer\RenderGraph\RenderGraph.cpp">
      <Filter>Engine\Renderer\RenderGraph</Filter>
    </ClCompile>
    <ClCompile Include="Source\Engine\Renderer\RenderGraph\RGResourceRegistry.cpp">
      <Filter>Engine\Renderer\RenderGraph</Filter>
    </ClCompile>
    <ClCompile Include="Source\Engine\Renderer\RenderQueue\MeshletRenderQueue\MeshletRenderQueue.cpp">
      <Filter>Engine\Renderer\RenderQueue\MeshletRenderQueue</Filter>
    </ClCompile>
    <ClCompile Include="Source\Engine\Renderer\RenderQueue\RenderQueue.cpp">
      <Filter>Engine\Renderer\RenderQueue</Filter>
    </ClCompile>
    <ClCompile Include="Source\Engine\Renderer\SceneRenderer\SceneRenderer.cpp">
      <Filter>Engine\Renderer\SceneRenderer</Filter>
    </ClCompile>
    <ClCompile Include="Source\Engine\Renderer\ViewportTarget\ViewportTarget.cpp">
      <Filter>Engine\Renderer\ViewportTarget</Filter>
    </ClCompile>
    <ClCompile Include="Source\Engine\Resource\ModelLibrary\ModelLibrary.cpp">
      <Filter>Engine\Resource\ModelLibrary</Filter>
    </ClCompile>
    <ClCompile Include="Source\Engine\RHI\Core\CommandList\CommandList.cpp">
      <Filter>Engine\RHI\Core\CommandList</Filter>
    </ClCompile>
    <ClCompile Include="Source\Engine\RHI\Core\Device\Device.cpp">
      <Filter>Engine\RHI\Core\Device</Filter>
    </ClCompile>
    <ClCompile Include="Source\Engine\RHI\Core\Fence\Fence.cpp">
      <Filter>Engine\RHI\Core\Fence</Filter>
    </ClCompile>
    <ClCompile Include="Source\Engine\RHI\Pipeline\PipelineState\PipelineState.cpp">
      <Filter>Engine\RHI\Pipeline\PipelineState</Filter>
    </ClCompile>
    <ClCompile Include="Source\Engine\RHI\Pipeline\RootSignature\RootSignatureLayout\RootSignatureLayout.cpp">
      <Filter>Engine\RHI\Pipeline\RootSignature\RootSignatureLayout</Filter>
    </ClCompile>
    <ClCompile Include="Source\Engine\RHI\Resource\Buffer\Buffer.cpp">
      <Filter>Engine\RHI\Resource\Buffer</Filter>
    </ClCompile>
    <ClCompile Include="Source\Engine\RHI\Resource\Buffer\ConstantBuffer\ConstantBuffer.cpp">
      <Filter>Engine\RHI\Resource\Buffer\ConstantBuffer</Filter>
    </ClCompile>
    <ClCompile Include="Source\Engine\RHI\Resource\Buffer\IndexBuffer\IndexBuffer.cpp">
      <Filter>Engine\RHI\Resource\Buffer\IndexBuffer</Filter>
    </ClCompile>
    <ClCompile Include="Source\Engine\RHI\Resource\Buffer\VertexBuffer\VertexBuffer.cpp">
      <Filter>Engine\RHI\Resource\Buffer\VertexBuffer</Filter>
    </ClCompile>
    <ClCompile Include="Source\Engine\RHI\Resource\DescriptorHeap\DescriptorPool\DescriptorPool.cpp">
      <Filter>Engine\RHI\Resource\DescriptorHeap\DescriptorPool</Filter>
    </ClCompile>
    <ClCompile Include="Source\Engine\RHI\Resource\ResourceStateTracker\ResourceStateTracker.cpp">
      <Filter>Engine\RHI\Resource\ResourceStateTracker</Filter>
    </ClCompile>
    <ClCompile Include="Source\Engine\RHI\Resource\Sampler\Sampler.cpp">
      <Filter>Engine\RHI\Resource\Sampler</Filter>
    </ClCompile>
    <ClCompile Include="Source\Engine\RHI\Resource\Target\ColorTarget\ColorTarget.cpp">
      <Filter>Engine\RHI\Resource\Target\ColorTarget</Filter>
    </ClCompile>
    <ClCompile Include="Source\Engine\RHI\Resource\Target\DepthTarget\DepthTarget.cpp">
      <Filter>Engine\RHI\Resource\Target\DepthTarget</Filter>
    </ClCompile>
    <ClCompile Include="Source\Engine\RHI\Resource\Texture\Texture.cpp">
      <Filter>Engine\RHI\Resource\Texture</Filter>
    </ClCompile>
    <ClCompile Include="Source\Engine\RHI\Resource\Texture\TextureManager\TextureManager.cpp">
      <Filter>Engine\RHI\Resource\Texture\TextureManager</Filter>
    </ClCompile>
    <ClCompile Include="Source\Engine\RHI\Resource\Texture\TransientResourcePool\TransientResourcePool.cpp">
      <Filter>Engine\RHI\Resource\Texture\TransientResourcePool</Filter>
    </ClCompile>
    <ClCompile Include="Source\Engine\Scene\SceneManager\SceneManager.cpp">
      <Filter>Engine\Scene\SceneManager</Filter>
    </ClCompile>
    <ClCompile Include="Source\Engine\Test\CoopVecMatMulTestRunner\CoopVecMatMulTestRunner.cpp">
      <Filter>Engine\Test\CoopVecMatMulTestRunner</Filter>
    </ClCompile>
    <ClCompile Include="Source\Engine\Test\CoopVecTestRunner\CoopVecTestRunner.cpp">
      <Filter>Engine\Test\CoopVecTestRunner</Filter>
    </ClCompile>
    <ClCompile Include="Source\Engine\Test\NTCdecodeTestRunner\NTCdecodeTestRunner.cpp">
      <Filter>Engine\Test\NTCdecodeTestRunner</Filter>
    </ClCompile>
    <ClCompile Include="Source\Engine\Test\NTCImageTestRunner\NTCImageTestRunner.cpp">
      <Filter>Engine\Test\NTCImageTestRunner</Filter>
    </ClCompile>
    <ClCompile Include="Source\Engine\Utility\Debug\Logger\Logger.cpp">
      <Filter>Engine\Utility\Debug\Logger</Filter>
    </ClCompile>
    <ClCompile Include="Source\Engine\Utility\FileUtil\FileUtil.cpp">
      <Filter>Engine\Utility\FileUtil</Filter>
    </ClCompile>
    <ClCompile Include="Source\Engine\Utility\JsonLoader\JsonLoader.cpp">
      <Filter>Engine\Utility\JsonLoader</Filter>
    </ClCompile>
    <ClCompile Include="Source\Engine\Utility\StringUtil\StringUtil.cpp">
      <Filter>Engine\Utility\StringUtil</Filter>
    </ClCompile>
    <ClCompile Include="Source\Game\Scene\GameScene\GameScene.cpp">
      <Filter>Game\Scene\GameScene</Filter>
    </ClCompile>
    <ClCompile Include="Source\main.cpp" />
    <ClCompile Include="Source\Pch.cpp" />
    <ClCompile Include="Source\Engine\GameObject\Components\HitComponent\BoxCollisionComponent\BoxCollision\BoxCollision.cpp">
      <Filter>Engine\GameObject\Components\HitComponent\BoxCollisionComponent\BoxCollision</Filter>
    </ClCompile>
    <ClCompile Include="Source\Engine\GameObject\Components\HitComponent\BoxCollisionComponent\BoxCollisionComponent.cpp">
      <Filter>Engine\GameObject\Components\HitComponent\BoxCollisionComponent</Filter>
    </ClCompile>
    <ClCompile Include="Source\Engine\Renderer\RenderQueue\DebugLineRenderQueue\DebugLineRenderQueue.cpp">
      <Filter>Engine\Renderer\RenderQueue\DebugLineRenderQueue</Filter>
    </ClCompile>
    <ClCompile Include="Source\Engine\Mesh\DebugLineResource\DebugLineResource.cpp">
      <Filter>Engine\Mesh\DebugLineResource</Filter>
    </ClCompile>
    <ClCompile Include="Source\Engine\Renderer\RendererItem\DebugLineDrawItem\DebugLineDrawItem.cpp">
      <Filter>Engine\Renderer\RendererItem\DebugLineDrawItem</Filter>
    </ClCompile>
  </ItemGroup>
  <ItemGroup>
    <ClInclude Include="Source\Application\Application.h">
      <Filter>Application</Filter>
    </ClInclude>
    <ClInclude Include="Source\Application\WindowSettings\WindowSettings.h">
      <Filter>Application\WindowSettings</Filter>
    </ClInclude>
    <ClInclude Include="Source\Editor\Assets\AssetDatabase.h">
      <Filter>Editor\Assets</Filter>
    </ClInclude>
    <ClInclude Include="Source\Editor\Assets\DirectoryWatcher\DirectoryWatcher.h">
      <Filter>Editor\Assets\DirectoryWatcher</Filter>
    </ClInclude>
    <ClInclude Include="Source\Editor\Commands\CommandHistory\CommandHistory.h">
      <Filter>Editor\Commands\CommandHistory</Filter>
    </ClInclude>
    <ClInclude Include="Source\Editor\Commands\ComponentCommands\ComponentCommands.h">
      <Filter>Editor\Commands\ComponentCommands</Filter>
    </ClInclude>
    <ClInclude Include="Source\Editor\Commands\IEditorCommand.h">
      <Filter>Editor\Commands</Filter>
    </ClInclude>
    <ClInclude Include="Source\Editor\Commands\ObjectCommands\ObjectCommands.h">
      <Filter>Editor\Commands\ObjectCommands</Filter>
    </ClInclude>
    <ClInclude Include="Source\Editor\Components\ComponentInspectors\ComponentInspectors.h">
      <Filter>Editor\Components\ComponentInspectors</Filter>
    </ClInclude>
    <ClInclude Include="Source\Editor\EditorApp\EditorApp.h">
      <Filter>Editor\EditorApp</Filter>
    </ClInclude>
    <ClInclude Include="Source\Editor\EditorContext.h">
      <Filter>Editor</Filter>
    </ClInclude>
    <ClInclude Include="Source\Editor\Effect\EffectAsset.h">
      <Filter>Editor\Effect</Filter>
    </ClInclude>
    <ClInclude Include="Source\Editor\Panels\ContentBrowserPanel\ContentBrowserPanel.h">
      <Filter>Editor\Panels\ContentBrowserPanel</Filter>
    </ClInclude>
    <ClInclude Include="Source\Editor\Panels\EffectEditorPanel\EffectEditorPanel.h">
      <Filter>Editor\Panels\EffectEditorPanel</Filter>
    </ClInclude>
    <ClInclude Include="Source\Editor\Panels\HierarchyPanel\HierarchyPanel.h">
      <Filter>Editor\Panels\HierarchyPanel</Filter>
    </ClInclude>
    <ClInclude Include="Source\Editor\Panels\IEditorPanel.h">
      <Filter>Editor\Panels</Filter>
    </ClInclude>
    <ClInclude Include="Source\Editor\Panels\InspectorPanel\InspectorPanel.h">
      <Filter>Editor\Panels\InspectorPanel</Filter>
    </ClInclude>
    <ClInclude Include="Source\Editor\Panels\PanelManager\PanelManager.h">
      <Filter>Editor\Panels\PanelManager</Filter>
    </ClInclude>
    <ClInclude Include="Source\Editor\Panels\ViewportPanel\ViewportPanel.h">
      <Filter>Editor\Panels\ViewportPanel</Filter>
    </ClInclude>
    <ClInclude Include="Source\Editor\Prefab\PrefabSystem\PrefabSystem.h">
      <Filter>Editor\Prefab\PrefabSystem</Filter>
    </ClInclude>
    <ClInclude Include="Source\Editor\Scene\SceneEditor\SceneEditor.h">
      <Filter>Editor\Scene\SceneEditor</Filter>
    </ClInclude>
    <ClInclude Include="Source\Editor\Selection\Selection.h">
      <Filter>Editor\Selection</Filter>
    </ClInclude>
    <ClInclude Include="Source\Engine\Asset\AssetTextFile\AssetTextFile.h">
      <Filter>Engine\Asset\AssetTextFile</Filter>
    </ClInclude>
    <ClInclude Include="Source\Engine\Asset\PrefabAsset\PrefabAsset.h">
      <Filter>Engine\Asset\PrefabAsset</Filter>
    </ClInclude>
    <ClInclude Include="Source\Engine\Asset\SceneAsset\SceneAsset.h">
      <Filter>Engine\Asset\SceneAsset</Filter>
    </ClInclude>
    <ClInclude Include="Source\Engine\Camera\CameraBase.h">
      <Filter>Engine\Camera</Filter>
    </ClInclude>
    <ClInclude Include="Source\Engine\Camera\FPSCamera\FPSCamera.h">
      <Filter>Engine\Camera\FPSCamera</Filter>
    </ClInclude>
    <ClInclude Include="Source\Engine\EditorUI\Core\Context\Context.h">
      <Filter>Engine\EditorUI\Core\Context</Filter>
    </ClInclude>
    <ClInclude Include="Source\Engine\EditorUI\Core\Context\FrameContext\FrameContext.h">
      <Filter>Engine\EditorUI\Core\Context\FrameContext</Filter>
    </ClInclude>
    <ClInclude Include="Source\Engine\EditorUI\Core\Context\FrameContext\FrameOutput.h">
      <Filter>Engine\EditorUI\Core\Context\FrameContext</Filter>
    </ClInclude>
    <ClInclude Include="Source\Engine\EditorUI\Core\Context\WidgetInteraction\WidgetInteraction.h">
      <Filter>Engine\EditorUI\Core\Context\WidgetInteraction</Filter>
    </ClInclude>
    <ClInclude Include="Source\Engine\EditorUI\Core\Context\WidgetInteractionState\WidgetInteractionState.h">
      <Filter>Engine\EditorUI\Core\Context\WidgetInteractionState</Filter>
    </ClInclude>
    <ClInclude Include="Source\Engine\EditorUI\Core\Context\WindowInteraction\WindowInteraction.h">
      <Filter>Engine\EditorUI\Core\Context\WindowInteraction</Filter>
    </ClInclude>
    <ClInclude Include="Source\Engine\EditorUI\Core\Context\WindowManager\WindowManager.h">
      <Filter>Engine\EditorUI\Core\Context\WindowManager</Filter>
    </ClInclude>
    <ClInclude Include="Source\Engine\EditorUI\Core\DrawList\DrawList.h">
      <Filter>Engine\EditorUI\Core\DrawList</Filter>
    </ClInclude>
    <ClInclude Include="Source\Engine\EditorUI\Core\Id.h">
      <Filter>Engine\EditorUI\Core</Filter>
    </ClInclude>
    <ClInclude Include="Source\Engine\EditorUI\Core\Input.h">
      <Filter>Engine\EditorUI\Core</Filter>
    </ClInclude>
    <ClInclude Include="Source\Engine\EditorUI\Core\InputTracker\InputTracker.h">
      <Filter>Engine\EditorUI\Core\InputTracker</Filter>
    </ClInclude>
    <ClInclude Include="Source\Engine\EditorUI\Core\Style.h">
      <Filter>Engine\EditorUI\Core</Filter>
    </ClInclude>
    <ClInclude Include="Source\Engine\EditorUI\Core\TextEditState.h">
      <Filter>Engine\EditorUI\Core</Filter>
    </ClInclude>
    <ClInclude Include="Source\Engine\EditorUI\Core\Types.h">
      <Filter>Engine\EditorUI\Core</Filter>
    </ClInclude>
    <ClInclude Include="Source\Engine\EditorUI\Core\Window.h">
      <Filter>Engine\EditorUI\Core</Filter>
    </ClInclude>
    <ClInclude Include="Source\Engine\EditorUI\Core\Window\WindowFlags.h">
      <Filter>Engine\EditorUI\Core\Window</Filter>
    </ClInclude>
    <ClInclude Include="Source\Engine\EditorUI\Core\Window\WindowFrame.h">
      <Filter>Engine\EditorUI\Core\Window</Filter>
    </ClInclude>
    <ClInclude Include="Source\Engine\EditorUI\Core\Window\WindowState.h">
      <Filter>Engine\EditorUI\Core\Window</Filter>
    </ClInclude>
    <ClInclude Include="Source\Engine\EditorUI\Docking\DockController\DockController.h">
      <Filter>Engine\EditorUI\Docking\DockController</Filter>
    </ClInclude>
    <ClInclude Include="Source\Engine\EditorUI\Docking\DockNode.h">
      <Filter>Engine\EditorUI\Docking</Filter>
    </ClInclude>
    <ClInclude Include="Source\Engine\EditorUI\Docking\DockSpace\DockSpace.h">
      <Filter>Engine\EditorUI\Docking\DockSpace</Filter>
    </ClInclude>
    <ClInclude Include="Source\Engine\EditorUI\Render\EditorUIRenderer\EditorUIRenderer.h">
      <Filter>Engine\EditorUI\Render\EditorUIRenderer</Filter>
    </ClInclude>
    <ClInclude Include="Source\Engine\EditorUI\Render\UIFrameGeometry\UIFrameGeometry.h">
      <Filter>Engine\EditorUI\Render\UIFrameGeometry</Filter>
    </ClInclude>
    <ClInclude Include="Source\Engine\EditorUI\Text\Font\Font.h">
      <Filter>Engine\EditorUI\Text\Font</Filter>
    </ClInclude>
    <ClInclude Include="Source\Engine\EditorUI\Text\TextLayout\TextLayout.h">
      <Filter>Engine\EditorUI\Text\TextLayout</Filter>
    </ClInclude>
    <ClInclude Include="Source\Engine\EditorUI\Widgets\Layout\Layout.h">
      <Filter>Engine\EditorUI\Widgets\Layout</Filter>
    </ClInclude>
    <ClInclude Include="Source\Engine\EditorUI\Widgets\WidgetInteraction.h">
      <Filter>Engine\EditorUI\Widgets</Filter>
    </ClInclude>
    <ClInclude Include="Source\Engine\EditorUI\Widgets\WidgetPrimitives.h">
      <Filter>Engine\EditorUI\Widgets</Filter>
    </ClInclude>
    <ClInclude Include="Source\Engine\EditorUI\Widgets\Widgets.h">
      <Filter>Engine\EditorUI\Widgets</Filter>
    </ClInclude>
    <ClInclude Include="Source\Engine\Effect\GpuParticleSystem\GpuParticleSystem.h">
      <Filter>Engine\Effect\GpuParticleSystem</Filter>
    </ClInclude>
    <ClInclude Include="Source\Engine\Effect\ParticleTypes.h">
      <Filter>Engine\Effect</Filter>
    </ClInclude>
    <ClInclude Include="Source\Engine\GameObject\Component\Component.h">
      <Filter>Engine\GameObject\Component</Filter>
    </ClInclude>
    <ClInclude Include="Source\Engine\GameObject\ComponentRegistry\ComponentRegistry.h">
      <Filter>Engine\GameObject\ComponentRegistry</Filter>
    </ClInclude>
    <ClInclude Include="Source\Engine\GameObject\Components\MeshComponent\MeshComponent.h">
      <Filter>Engine\GameObject\Components\MeshComponent</Filter>
    </ClInclude>
    <ClInclude Include="Source\Engine\GameObject\Components\MeshletComponent\MeshletComponent.h">
      <Filter>Engine\GameObject\Components\MeshletComponent</Filter>
    </ClInclude>
    <ClInclude Include="Source\Engine\GameObject\Components\TransformComponent\TransformComponent.h">
      <Filter>Engine\GameObject\Components\TransformComponent</Filter>
    </ClInclude>
    <ClInclude Include="Source\Engine\GameObject\GameObject.h">
      <Filter>Engine\GameObject</Filter>
    </ClInclude>
    <ClInclude Include="Source\Engine\GameObject\GameObjectFactory\GameObjectFactory.h">
      <Filter>Engine\GameObject\GameObjectFactory</Filter>
    </ClInclude>
    <ClInclude Include="Source\Engine\GameObject\GameObjectManager.h">
      <Filter>Engine\GameObject</Filter>
    </ClInclude>
    <ClInclude Include="Source\Engine\GameObject\Renderable\IMeshletRenderable.h">
      <Filter>Engine\GameObject\Renderable</Filter>
    </ClInclude>
    <ClInclude Include="Source\Engine\GameObject\Renderable\IRenderable.h">
      <Filter>Engine\GameObject\Renderable</Filter>
    </ClInclude>
    <ClInclude Include="Source\Engine\Input\InputManager\InputManager.h">
      <Filter>Engine\Input\InputManager</Filter>
    </ClInclude>
    <ClInclude Include="Source\Engine\Input\KeyboardInput\KeyboardInput.h">
      <Filter>Engine\Input\KeyboardInput</Filter>
    </ClInclude>
    <ClInclude Include="Source\Engine\Input\MouseInput\MouseInput.h">
      <Filter>Engine\Input\MouseInput</Filter>
    </ClInclude>
    <ClInclude Include="Source\Engine\Mesh\Material\Material.h">
      <Filter>Engine\Mesh\Material</Filter>
    </ClInclude>
    <ClInclude Include="Source\Engine\Mesh\Mesh\Mesh.h">
      <Filter>Engine\Mesh\Mesh</Filter>
    </ClInclude>
    <ClInclude Include="Source\Engine\Mesh\MeshletResource\MeshletResource.h">
      <Filter>Engine\Mesh\MeshletResource</Filter>
    </ClInclude>
    <ClInclude Include="Source\Engine\Mesh\MeshLoader\MeshLoader.h">
      <Filter>Engine\Mesh\MeshLoader</Filter>
    </ClInclude>
    <ClInclude Include="Source\Engine\Mesh\MeshResource.h">
      <Filter>Engine\Mesh</Filter>
    </ClInclude>
    <ClInclude Include="Source\Engine\Mesh\PolygonMeshResource\PolygonMeshResource.h">
      <Filter>Engine\Mesh\PolygonMeshResource</Filter>
    </ClInclude>
    <ClInclude Include="Source\Engine\Mesh\ResData.h">
      <Filter>Engine\Mesh</Filter>
    </ClInclude>
    <ClInclude Include="Source\Engine\Renderer\GraphicsView\GraphicsView.h">
      <Filter>Engine\Renderer\GraphicsView</Filter>
    </ClInclude>
    <ClInclude Include="Source\Engine\Renderer\PostProcess\IPostProcessEffect.h">
      <Filter>Engine\Renderer\PostProcess</Filter>
    </ClInclude>
    <ClInclude Include="Source\Engine\Renderer\PostProcess\PostProcessEffects\BloomEffect\BloomEffect.h">
      <Filter>Engine\Renderer\PostProcess\PostProcessEffects\BloomEffect</Filter>
    </ClInclude>
    <ClInclude Include="Source\Engine\Renderer\PostProcess\PostProcessStack\PostProcessStack.h">
      <Filter>Engine\Renderer\PostProcess\PostProcessStack</Filter>
    </ClInclude>
    <ClInclude Include="Source\Engine\Renderer\Renderer.h">
      <Filter>Engine\Renderer</Filter>
    </ClInclude>
    <ClInclude Include="Source\Engine\Renderer\RendererItem\DrawItem.h">
      <Filter>Engine\Renderer\RendererItem</Filter>
    </ClInclude>
    <ClInclude Include="Source\Engine\Renderer\RendererItem\MeshletDrawItem.h">
      <Filter>Engine\Renderer\RendererItem</Filter>
    </ClInclude>
    <ClInclude Include="Source\Engine\Renderer\RendererItem\TransformCB.h">
      <Filter>Engine\Renderer\RendererItem</Filter>
    </ClInclude>
    <ClInclude Include="Source\Engine\Renderer\RenderGraph\RenderGraph.h">
      <Filter>Engine\Renderer\RenderGraph</Filter>
    </ClInclude>
    <ClInclude Include="Source\Engine\Renderer\RenderGraph\RGPassBuilder.h">
      <Filter>Engine\Renderer\RenderGraph</Filter>
    </ClInclude>
    <ClInclude Include="Source\Engine\Renderer\RenderGraph\RGRenderPass.h">
      <Filter>Engine\Renderer\RenderGraph</Filter>
    </ClInclude>
    <ClInclude Include="Source\Engine\Renderer\RenderGraph\RGResourceRegistry.h">
      <Filter>Engine\Renderer\RenderGraph</Filter>
    </ClInclude>
    <ClInclude Include="Source\Engine\Renderer\RenderGraph\RGTypes.h">
      <Filter>Engine\Renderer\RenderGraph</Filter>
    </ClInclude>
    <ClInclude Include="Source\Engine\Renderer\RenderQueue\MeshletRenderQueue\MeshletRenderQueue.h">
      <Filter>Engine\Renderer\RenderQueue\MeshletRenderQueue</Filter>
    </ClInclude>
    <ClInclude Include="Source\Engine\Renderer\RenderQueue\RenderQueue.h">
      <Filter>Engine\Renderer\RenderQueue</Filter>
    </ClInclude>
    <ClInclude Include="Source\Engine\Renderer\SceneOutput\SceneOutput.h">
      <Filter>Engine\Renderer\SceneOutput</Filter>
    </ClInclude>
    <ClInclude Include="Source\Engine\Renderer\SceneRenderer\SceneRenderer.h">
      <Filter>Engine\Renderer\SceneRenderer</Filter>
    </ClInclude>
    <ClInclude Include="Source\Engine\Renderer\ViewportTarget\ViewportTarget.h">
      <Filter>Engine\Renderer\ViewportTarget</Filter>
    </ClInclude>
    <ClInclude Include="Source\Engine\Resource\ModelLibrary\ModelLibrary.h">
      <Filter>Engine\Resource\ModelLibrary</Filter>
    </ClInclude>
    <ClInclude Include="Source\Engine\RHI\Core\CommandList\CommandList.h">
      <Filter>Engine\RHI\Core\CommandList</Filter>
    </ClInclude>
    <ClInclude Include="Source\Engine\RHI\Core\Device\Device.h">
      <Filter>Engine\RHI\Core\Device</Filter>
    </ClInclude>
    <ClInclude Include="Source\Engine\RHI\Core\Fence\Fence.h">
      <Filter>Engine\RHI\Core\Fence</Filter>
    </ClInclude>
    <ClInclude Include="Source\Engine\RHI\Pipeline\PipelineState\PipelineState.h">
      <Filter>Engine\RHI\Pipeline\PipelineState</Filter>
    </ClInclude>
    <ClInclude Include="Source\Engine\RHI\Pipeline\PipelineState\PipelineStateCache\PipelineStateCache.h">
      <Filter>Engine\RHI\Pipeline\PipelineState\PipelineStateCache</Filter>
    </ClInclude>
    <ClInclude Include="Source\Engine\RHI\Pipeline\PipelineState\PipelineStateDesc.h">
      <Filter>Engine\RHI\Pipeline\PipelineState</Filter>
    </ClInclude>
    <ClInclude Include="Source\Engine\RHI\Pipeline\PipelineState\PipelineStream\PipelineStream.h">
      <Filter>Engine\RHI\Pipeline\PipelineState\PipelineStream</Filter>
    </ClInclude>
    <ClInclude Include="Source\Engine\RHI\Pipeline\RootSignature\RootSignatureLayout\RootSignatureLayout.h">
      <Filter>Engine\RHI\Pipeline\RootSignature\RootSignatureLayout</Filter>
    </ClInclude>
    <ClInclude Include="Source\Engine\RHI\Resource\Buffer\Buffer.h">
      <Filter>Engine\RHI\Resource\Buffer</Filter>
    </ClInclude>
    <ClInclude Include="Source\Engine\RHI\Resource\Buffer\ConstantBuffer\ConstantBuffer.h">
      <Filter>Engine\RHI\Resource\Buffer\ConstantBuffer</Filter>
    </ClInclude>
    <ClInclude Include="Source\Engine\RHI\Resource\Buffer\IndexBuffer\IndexBuffer.h">
      <Filter>Engine\RHI\Resource\Buffer\IndexBuffer</Filter>
    </ClInclude>
    <ClInclude Include="Source\Engine\RHI\Resource\Buffer\VertexBuffer\VertexBuffer.h">
      <Filter>Engine\RHI\Resource\Buffer\VertexBuffer</Filter>
    </ClInclude>
    <ClInclude Include="Source\Engine\RHI\Resource\DescriptorHeap\DescriptorPool\DescriptorPool.h">
      <Filter>Engine\RHI\Resource\DescriptorHeap\DescriptorPool</Filter>
    </ClInclude>
    <ClInclude Include="Source\Engine\RHI\Resource\DescriptorHeap\Pool.h">
      <Filter>Engine\RHI\Resource\DescriptorHeap</Filter>
    </ClInclude>
    <ClInclude Include="Source\Engine\RHI\Resource\DescriptorHeap\TransientDescriptorAllocator.h">
      <Filter>Engine\RHI\Resource\DescriptorHeap</Filter>
    </ClInclude>
    <ClInclude Include="Source\Engine\RHI\Resource\ResourceStateTracker\ResourceStateTracker.h">
      <Filter>Engine\RHI\Resource\ResourceStateTracker</Filter>
    </ClInclude>
    <ClInclude Include="Source\Engine\RHI\Resource\Sampler\Sampler.h">
      <Filter>Engine\RHI\Resource\Sampler</Filter>
    </ClInclude>
    <ClInclude Include="Source\Engine\RHI\Resource\Target\ColorTarget\ColorTarget.h">
      <Filter>Engine\RHI\Resource\Target\ColorTarget</Filter>
    </ClInclude>
    <ClInclude Include="Source\Engine\RHI\Resource\Target\DepthTarget\DepthTarget.h">
      <Filter>Engine\RHI\Resource\Target\DepthTarget</Filter>
    </ClInclude>
    <ClInclude Include="Source\Engine\RHI\Resource\Texture\Texture.h">
      <Filter>Engine\RHI\Resource\Texture</Filter>
    </ClInclude>
    <ClInclude Include="Source\Engine\RHI\Resource\Texture\TextureManager\TextureManager.h">
      <Filter>Engine\RHI\Resource\Texture\TextureManager</Filter>
    </ClInclude>
    <ClInclude Include="Source\Engine\RHI\Resource\Texture\TransientResourcePool\TransientResourcePool.h">
      <Filter>Engine\RHI\Resource\Texture\TransientResourcePool</Filter>
    </ClInclude>
    <ClInclude Include="Source\Engine\Scene\IScene.h">
      <Filter>Engine\Scene</Filter>
    </ClInclude>
    <ClInclude Include="Source\Engine\Scene\SceneManager\SceneManager.h">
      <Filter>Engine\Scene\SceneManager</Filter>
    </ClInclude>
    <ClInclude Include="Source\Engine\Test\CoopVecMatMulTestRunner\CoopVecMatMulTestRunner.h">
      <Filter>Engine\Test\CoopVecMatMulTestRunner</Filter>
    </ClInclude>
    <ClInclude Include="Source\Engine\Test\CoopVecTestRunner\CoopVecTestRunner.h">
      <Filter>Engine\Test\CoopVecTestRunner</Filter>
    </ClInclude>
    <ClInclude Include="Source\Engine\Test\NTCdecodeTestRunner\NTCdecodeTestRunner.h">
      <Filter>Engine\Test\NTCdecodeTestRunner</Filter>
    </ClInclude>
    <ClInclude Include="Source\Engine\Test\NTCImageTestRunner\NTCImageTestRunner.h">
      <Filter>Engine\Test\NTCImageTestRunner</Filter>
    </ClInclude>
    <ClInclude Include="Source\Engine\Utility\ComPtr\ComPtr.h">
      <Filter>Engine\Utility\ComPtr</Filter>
    </ClInclude>
    <ClInclude Include="Source\Engine\Utility\Debug\Logger\Logger.h">
      <Filter>Engine\Utility\Debug\Logger</Filter>
    </ClInclude>
    <ClInclude Include="Source\Engine\Utility\FileUtil\FileUtil.h">
      <Filter>Engine\Utility\FileUtil</Filter>
    </ClInclude>
    <ClInclude Include="Source\Engine\Utility\InlineUtil\InlineUTil.h">
      <Filter>Engine\Utility\InlineUtil</Filter>
    </ClInclude>
    <ClInclude Include="Source\Engine\Utility\JsonLoader\JsonLoader.h">
      <Filter>Engine\Utility\JsonLoader</Filter>
    </ClInclude>
    <ClInclude Include="Source\Engine\Utility\StringUtil\StringUtil.h">
      <Filter>Engine\Utility\StringUtil</Filter>
    </ClInclude>
    <ClInclude Include="Source\Game\Scene\GameScene\GameScene.h">
      <Filter>Game\Scene\GameScene</Filter>
    </ClInclude>
    <ClInclude Include="Source\Pch.h" />
    <ClInclude Include="Source\Engine\GameObject\Components\HitComponent\BoxCollisionComponent\BoxCollision\BoxCollision.h">
      <Filter>Engine\GameObject\Components\HitComponent\BoxCollisionComponent\BoxCollision</Filter>
    </ClInclude>
    <ClInclude Include="Source\Engine\GameObject\Components\HitComponent\BoxCollisionComponent\BoxCollision\HitBox.h">
      <Filter>Engine\GameObject\Components\HitComponent\BoxCollisionComponent\BoxCollision</Filter>
    </ClInclude>
    <ClInclude Include="Source\Engine\GameObject\Components\HitComponent\BoxCollisionComponent\BoxCollisionComponent.h">
      <Filter>Engine\GameObject\Components\HitComponent\BoxCollisionComponent</Filter>
    </ClInclude>
    <ClInclude Include="Source\Engine\Math\Math.h">
      <Filter>Engine\Math</Filter>
    </ClInclude>
    <ClInclude Include="Source\Engine\Renderer\RenderQueue\DebugLineRenderQueue\DebugLineRenderQueue.h">
      <Filter>Engine\Renderer\RenderQueue\DebugLineRenderQueue</Filter>
    </ClInclude>
    <ClInclude Include="Source\Engine\Mesh\DebugLineResource\DebugLineResource.h">
      <Filter>Engine\Mesh\DebugLineResource</Filter>
    </ClInclude>
    <ClInclude Include="Source\Engine\GameObject\Renderable\IDebugLineRenderable.h">
      <Filter>Engine\GameObject\Renderable</Filter>
    </ClInclude>
    <ClInclude Include="Source\Engine\Renderer\RendererItem\DebugLineDrawItem\DebugLineDrawItem.h">
      <Filter>Engine\Renderer\RendererItem\DebugLineDrawItem</Filter>
    </ClInclude>
  </ItemGroup>
  <ItemGroup>
    <CustomBuild Include="Source\Engine\Shader\MeshShader\MeshShaderPS.hlsl">
      <Filter>Engine\Shader\MeshShader</Filter>
    </CustomBuild>
    <CustomBuild Include="Source\Engine\Shader\MeshShader\MeshShaderVS.hlsl">
      <Filter>Engine\Shader\MeshShader</Filter>
    </CustomBuild>
    <CustomBuild Include="Source\Engine\Shader\PostProcessShader\BloomBlurPS.hlsl">
      <Filter>Engine\Shader\PostProcessShader</Filter>
    </CustomBuild>
    <CustomBuild Include="Source\Engine\Shader\PostProcessShader\BloomCompositePS.hlsl">
      <Filter>Engine\Shader\PostProcessShader</Filter>
    </CustomBuild>
    <CustomBuild Include="Source\Engine\Shader\PostProcessShader\BloomExtractPS.hlsl">
      <Filter>Engine\Shader\PostProcessShader</Filter>
    </CustomBuild>
    <CustomBuild Include="Source\Engine\Shader\PostProcessShader\FullScreenVS.hlsl">
      <Filter>Engine\Shader\PostProcessShader</Filter>
    </CustomBuild>
    <CustomBuild Include="Source\Engine\Shader\Mesh\StandardMesh\StandardMeshShaderPS.hlsl">
      <Filter>Engine\Shader\Mesh\StandardMesh</Filter>
    </CustomBuild>
    <CustomBuild Include="Source\Engine\Shader\Mesh\StandardMesh\StandardMeshShaderVS.hlsl">
      <Filter>Engine\Shader\Mesh\StandardMesh</Filter>
    </CustomBuild>
    <CustomBuild Include="Source\Engine\Shader\Mesh\StandardMesh\SimpleMS.hlsl">
      <Filter>Engine\Shader\Mesh\StandardMesh</Filter>
    </CustomBuild>
    <CustomBuild Include="Source\Engine\Shader\Mesh\StandardMesh\SimplePS.hlsl">
      <Filter>Engine\Shader\Mesh\StandardMesh</Filter>
    </CustomBuild>
  </ItemGroup>
  <ItemGroup>
    <SlangTask Include="Source\Engine\Shader\EditorUIShader\UIPixelShader.slang">
      <Filter>Engine\Shader\EditorUIShader</Filter>
    </SlangTask>
    <SlangTask Include="Source\Engine\Shader\EditorUIShader\UIVertexShader.slang">
      <Filter>Engine\Shader\EditorUIShader</Filter>
    </SlangTask>
    <SlangTask Include="Source\Engine\Shader\ParticleShader\ParticleEmit.slang">
      <Filter>Engine\Shader\ParticleShader</Filter>
    </SlangTask>
    <SlangTask Include="Source\Engine\Shader\ParticleShader\ParticleSimulate.slang">
      <Filter>Engine\Shader\ParticleShader</Filter>
    </SlangTask>
    <SlangTask Include="Source\Engine\Shader\ParticleShader\ParticleFinalize.slang">
      <Filter>Engine\Shader\ParticleShader</Filter>
    </SlangTask>
    <SlangTask Include="Source\Engine\Shader\ParticleShader\ParticleVS.slang">
      <Filter>Engine\Shader\ParticleShader</Filter>
    </SlangTask>
    <SlangTask Include="Source\Engine\Shader\ParticleShader\ParticlePS.slang">
      <Filter>Engine\Shader\ParticleShader</Filter>
    </SlangTask>
    <SlangTask Include="Source\Engine\Shader\slangTest\CoopVecMatMulTest.slang">
      <Filter>Engine\Shader\slangTest</Filter>
    </SlangTask>
    <SlangTask Include="Source\Engine\Shader\slangTest\MLPDecodeTest.slang">
      <Filter>Engine\Shader\slangTest</Filter>
    </SlangTask>
    <SlangTask Include="Source\Engine\Shader\slangTest\NTCImageDecode.slang">
      <Filter>Engine\Shader\slangTest</Filter>
    </SlangTask>
    <SlangTask Include="Source\Engine\Shader\slangTest\NTCPreviewPS.slang">
      <Filter>Engine\Shader\slangTest</Filter>
    </SlangTask>
    <SlangTask Include="Source\Engine\Shader\slangTest\SlangTestMS.slang">
      <Filter>Engine\Shader\slangTest</Filter>
    </SlangTask>
    <SlangTask Include="Source\Engine\Shader\slangTest\SlangTestPS.slang">
      <Filter>Engine\Shader\slangTest</Filter>
    </SlangTask>
    <SlangTask Include="Source\Engine\Shader\slangTest\CoopVecTest.slang">
      <Filter>Engine\Shader\slangTest</Filter>
    </SlangTask>
    <SlangTask Include="Source\Engine\Shader\Debug\DebugLineShader\DebugLineVS.slang">
      <Filter>Engine\Shader\Debug\DebugLineShader</Filter>
    </SlangTask>
    <SlangTask Include="Source\Engine\Shader\Debug\DebugLineShader\DebugLinePS.slang">
      <Filter>Engine\Shader\Debug\DebugLineShader</Filter>
    </SlangTask>
  </ItemGroup>
  <ItemGroup>
    <None Include="Source\Engine\Shader\MeshShader\MeshShaderInc.hlsli">
      <Filter>Engine\Shader\MeshShader</Filter>
    </None>
    <None Include="Source\Engine\Shader\Mesh\StandardMesh\StandardMeshShader.hlsli">
      <Filter>Engine\Shader\Mesh\StandardMesh</Filter>
    </None>
  </ItemGroup>
  <ItemGroup>
    <Filter Include="Application">
      <UniqueIdentifier>{e28b736e-98ec-404e-8077-f85d795151a7}</UniqueIdentifier>
    </Filter>
    <Filter Include="Application\WindowSettings">
      <UniqueIdentifier>{1b19f495-f70e-3417-5bc8-91d19f2922aa}</UniqueIdentifier>
    </Filter>
    <Filter Include="Editor">
      <UniqueIdentifier>{bd7288c9-a57d-4111-a6a3-ae977f0cfe1c}</UniqueIdentifier>
    </Filter>
    <Filter Include="Editor\Assets">
      <UniqueIdentifier>{7852e5d3-8a22-4309-b383-cd22b85d08b5}</UniqueIdentifier>
    </Filter>
    <Filter Include="Editor\Assets\DirectoryWatcher">
      <UniqueIdentifier>{c746efd6-016a-c87f-348b-db6d87c23ff1}</UniqueIdentifier>
    </Filter>
    <Filter Include="Editor\Commands">
      <UniqueIdentifier>{16a48942-23b9-e228-70ff-67bfe2a30ff3}</UniqueIdentifier>
    </Filter>
    <Filter Include="Editor\Commands\CommandHistory">
      <UniqueIdentifier>{a9a6f954-f03d-edb4-3a27-d2544cc1e928}</UniqueIdentifier>
    </Filter>
    <Filter Include="Editor\Commands\ComponentCommands">
      <UniqueIdentifier>{6d64c106-bb5f-c3f7-b775-0533ba2629cf}</UniqueIdentifier>
    </Filter>
    <Filter Include="Editor\Commands\ObjectCommands">
      <UniqueIdentifier>{60b5b458-c314-943d-9620-f80754c1e001}</UniqueIdentifier>
    </Filter>
    <Filter Include="Editor\Components">
      <UniqueIdentifier>{474e0415-049d-bbbc-bde5-00b1bcfa5b9a}</UniqueIdentifier>
    </Filter>
    <Filter Include="Editor\Components\ComponentInspectors">
      <UniqueIdentifier>{cb7db9e2-15be-90a3-1b8e-ece25249c452}</UniqueIdentifier>
    </Filter>
    <Filter Include="Editor\EditorApp">
      <UniqueIdentifier>{89a6456c-aea5-45d4-b6bd-18772dc380dd}</UniqueIdentifier>
    </Filter>
    <Filter Include="Editor\Effect">
      <UniqueIdentifier>{f78f26d7-c31e-483b-b0cc-7d9719b02950}</UniqueIdentifier>
    </Filter>
    <Filter Include="Editor\Panels">
      <UniqueIdentifier>{f865f402-89a6-4610-9414-78022f2de77c}</UniqueIdentifier>
    </Filter>
    <Filter Include="Editor\Panels\ContentBrowserPanel">
      <UniqueIdentifier>{950609d3-58bb-489b-8a02-01dc976dd4b4}</UniqueIdentifier>
    </Filter>
    <Filter Include="Editor\Panels\EffectEditorPanel">
      <UniqueIdentifier>{42322200-e73f-4b1f-ab74-c0da7309090b}</UniqueIdentifier>
    </Filter>
    <Filter Include="Editor\Panels\HierarchyPanel">
      <UniqueIdentifier>{48e1cc33-2b7b-4d8e-99c7-ed755b9f82d7}</UniqueIdentifier>
    </Filter>
    <Filter Include="Editor\Panels\InspectorPanel">
      <UniqueIdentifier>{af31f9c8-699c-4c61-b7f1-acd40a4b5455}</UniqueIdentifier>
    </Filter>
    <Filter Include="Editor\Panels\PanelManager">
      <UniqueIdentifier>{32a7c2d6-a06c-4918-8bab-042771f38591}</UniqueIdentifier>
    </Filter>
    <Filter Include="Editor\Panels\ViewportPanel">
      <UniqueIdentifier>{ea33dfa8-5afa-4a86-9f1f-a1301c65852b}</UniqueIdentifier>
    </Filter>
    <Filter Include="Editor\Prefab">
      <UniqueIdentifier>{b4da93fe-491b-004c-3647-199d0481d85c}</UniqueIdentifier>
    </Filter>
    <Filter Include="Editor\Prefab\PrefabSystem">
      <UniqueIdentifier>{9c597ad7-60e3-bed6-8645-73a1bbfcecfb}</UniqueIdentifier>
    </Filter>
    <Filter Include="Editor\Scene">
      <UniqueIdentifier>{8ffb5e69-8e42-e40a-6e06-08562b1f4e1a}</UniqueIdentifier>
    </Filter>
    <Filter Include="Editor\Scene\SceneEditor">
      <UniqueIdentifier>{7fd0e478-0e6e-ea9e-9dc5-82d94c37ba68}</UniqueIdentifier>
    </Filter>
    <Filter Include="Editor\Selection">
      <UniqueIdentifier>{212321f9-0bfe-4266-a7d9-f71987ae1edb}</UniqueIdentifier>
    </Filter>
    <Filter Include="Engine">
      <UniqueIdentifier>{56dfad63-285d-4ab0-b40e-08a9e41a396b}</UniqueIdentifier>
    </Filter>
    <Filter Include="Engine\Asset">
      <UniqueIdentifier>{fbd0392c-3637-83c0-f6f0-0dac1312c21b}</UniqueIdentifier>
    </Filter>
    <Filter Include="Engine\Asset\AssetTextFile">
      <UniqueIdentifier>{ab642def-2c68-5a82-3325-34106e7ab612}</UniqueIdentifier>
    </Filter>
    <Filter Include="Engine\Asset\PrefabAsset">
      <UniqueIdentifier>{eec25ca3-7caf-d7e1-5f08-30a898292740}</UniqueIdentifier>
    </Filter>
    <Filter Include="Engine\Asset\SceneAsset">
      <UniqueIdentifier>{97f9a8a4-f914-469a-a22c-54df80a9ea27}</UniqueIdentifier>
    </Filter>
    <Filter Include="Engine\Camera">
      <UniqueIdentifier>{3d3c1f6b-7cc3-46c7-b754-df366d733f28}</UniqueIdentifier>
    </Filter>
    <Filter Include="Engine\Camera\FPSCamera">
      <UniqueIdentifier>{6dccd0cd-51c0-4379-8694-437987ef6742}</UniqueIdentifier>
    </Filter>
    <Filter Include="Engine\EditorUI">
      <UniqueIdentifier>{cc7f4cd5-1329-48ea-bdad-510e5e3fe9bc}</UniqueIdentifier>
    </Filter>
    <Filter Include="Engine\EditorUI\Core">
      <UniqueIdentifier>{8e9348f7-bf89-49d5-9449-26454be272bb}</UniqueIdentifier>
    </Filter>
    <Filter Include="Engine\EditorUI\Core\Context">
      <UniqueIdentifier>{e8b4a799-42b6-46cc-a52c-302fb08b4cef}</UniqueIdentifier>
    </Filter>
    <Filter Include="Engine\EditorUI\Core\Context\FrameContext">
      <UniqueIdentifier>{a67a0cb6-2e71-471f-9d08-b6ef14a1692a}</UniqueIdentifier>
    </Filter>
    <Filter Include="Engine\EditorUI\Core\Context\WidgetInteraction">
      <UniqueIdentifier>{ce49600e-6109-4898-bf05-35eb2131c15e}</UniqueIdentifier>
    </Filter>
    <Filter Include="Engine\EditorUI\Core\Context\WidgetInteractionState">
      <UniqueIdentifier>{76a7b269-2913-4645-8563-aa8f4c098a50}</UniqueIdentifier>
    </Filter>
    <Filter Include="Engine\EditorUI\Core\Context\WindowInteraction">
      <UniqueIdentifier>{7bf8f9b6-1367-45d7-bce6-61d71e7d5994}</UniqueIdentifier>
    </Filter>
    <Filter Include="Engine\EditorUI\Core\Context\WindowManager">
      <UniqueIdentifier>{e62d5add-b17b-4ff7-9177-275c2d5d9fb7}</UniqueIdentifier>
    </Filter>
    <Filter Include="Engine\EditorUI\Core\DrawList">
      <UniqueIdentifier>{ee5507d8-8241-42ed-b457-3d24519bcc64}</UniqueIdentifier>
    </Filter>
    <Filter Include="Engine\EditorUI\Core\InputTracker">
      <UniqueIdentifier>{6184a543-6e6a-4676-9b51-db4af0aaa1c1}</UniqueIdentifier>
    </Filter>
    <Filter Include="Engine\EditorUI\Core\Window">
      <UniqueIdentifier>{d8d2053d-90e1-402c-ac59-d7c83bf1a4ba}</UniqueIdentifier>
    </Filter>
    <Filter Include="Engine\EditorUI\Docking">
      <UniqueIdentifier>{09c97620-08e4-4d22-b8db-5c949c891f03}</UniqueIdentifier>
    </Filter>
    <Filter Include="Engine\EditorUI\Docking\DockController">
      <UniqueIdentifier>{5f5dc014-f8f6-4e88-afcb-8299d46b94d4}</UniqueIdentifier>
    </Filter>
    <Filter Include="Engine\EditorUI\Docking\DockSpace">
      <UniqueIdentifier>{4e8b7d6b-2a03-40b8-b1ea-e2c616e6e42f}</UniqueIdentifier>
    </Filter>
    <Filter Include="Engine\EditorUI\Render">
      <UniqueIdentifier>{4d2d96bc-c2b9-4921-a741-0388abbbe348}</UniqueIdentifier>
    </Filter>
    <Filter Include="Engine\EditorUI\Render\EditorUIRenderer">
      <UniqueIdentifier>{6136effc-cd80-4dd2-96e0-503bb524b8df}</UniqueIdentifier>
    </Filter>
    <Filter Include="Engine\EditorUI\Render\UIFrameGeometry">
      <UniqueIdentifier>{3bdb3cf6-942d-4b60-a65a-61e671f0848a}</UniqueIdentifier>
    </Filter>
    <Filter Include="Engine\EditorUI\Text">
      <UniqueIdentifier>{1ea74ba1-a75a-49da-9d87-e071a13cdbcf}</UniqueIdentifier>
    </Filter>
    <Filter Include="Engine\EditorUI\Text\Font">
      <UniqueIdentifier>{c270d4a3-153c-4cb0-8c85-efd78ddbd890}</UniqueIdentifier>
    </Filter>
    <Filter Include="Engine\EditorUI\Text\TextLayout">
      <UniqueIdentifier>{5345a21f-ccc3-47d5-85ae-faab848e4f0b}</UniqueIdentifier>
    </Filter>
    <Filter Include="Engine\EditorUI\Widgets">
      <UniqueIdentifier>{2c0a50c0-57d9-4bcd-a047-b70669076668}</UniqueIdentifier>
    </Filter>
    <Filter Include="Engine\EditorUI\Widgets\Layout">
      <UniqueIdentifier>{89dfd9f5-2aa3-4b56-babc-b4b504da1530}</UniqueIdentifier>
    </Filter>
    <Filter Include="Engine\Effect">
      <UniqueIdentifier>{8dccecba-ee8c-295c-b323-985e4b90ca44}</UniqueIdentifier>
    </Filter>
    <Filter Include="Engine\Effect\GpuParticleSystem">
      <UniqueIdentifier>{609603a5-5f9f-cb2f-4504-9e9a83f6f490}</UniqueIdentifier>
    </Filter>
    <Filter Include="Engine\GameObject">
      <UniqueIdentifier>{105c9a2e-8e9f-4b9d-8121-05727ff29e92}</UniqueIdentifier>
    </Filter>
    <Filter Include="Engine\GameObject\Component">
      <UniqueIdentifier>{5e0020dd-ad41-4262-b97c-35f250477023}</UniqueIdentifier>
    </Filter>
    <Filter Include="Engine\GameObject\ComponentRegistry">
      <UniqueIdentifier>{157c267e-ffbe-b5eb-4aee-e3ccf2adec9a}</UniqueIdentifier>
    </Filter>
    <Filter Include="Engine\GameObject\Components">
      <UniqueIdentifier>{734cde76-354b-4b57-b43f-519bafa2b266}</UniqueIdentifier>
    </Filter>
    <Filter Include="Engine\GameObject\Components\MeshComponent">
      <UniqueIdentifier>{2fa5c683-2d1b-489e-8213-23449f4b9c28}</UniqueIdentifier>
    </Filter>
    <Filter Include="Engine\GameObject\Components\MeshletComponent">
      <UniqueIdentifier>{abc30a64-e9ea-4e51-97fa-3d05815fd6c3}</UniqueIdentifier>
    </Filter>
    <Filter Include="Engine\GameObject\Components\TransformComponent">
      <UniqueIdentifier>{ec0176b0-bc05-46e0-80fa-6b8eadf766c3}</UniqueIdentifier>
    </Filter>
    <Filter Include="Engine\GameObject\GameObjectFactory">
      <UniqueIdentifier>{4fbc910a-da90-8a01-f8de-5564dfa57af6}</UniqueIdentifier>
    </Filter>
    <Filter Include="Engine\GameObject\Renderable">
      <UniqueIdentifier>{29bdd8f0-e1db-4b60-8b52-770423188de4}</UniqueIdentifier>
    </Filter>
    <Filter Include="Engine\Input">
      <UniqueIdentifier>{86dea228-d9bd-4ecd-822c-8aa7086e97f4}</UniqueIdentifier>
    </Filter>
    <Filter Include="Engine\Input\InputManager">
      <UniqueIdentifier>{5b1714fe-c715-4e01-876c-7abeb9b86858}</UniqueIdentifier>
    </Filter>
    <Filter Include="Engine\Input\KeyboardInput">
      <UniqueIdentifier>{501d76b7-33dc-4376-9abd-bde6a5d92500}</UniqueIdentifier>
    </Filter>
    <Filter Include="Engine\Input\MouseInput">
      <UniqueIdentifier>{e0a7cfe0-8f76-4597-9e54-64d06eab99ab}</UniqueIdentifier>
    </Filter>
    <Filter Include="Engine\Mesh">
      <UniqueIdentifier>{aa1fabff-5899-42e4-afa2-ec0aa19e367b}</UniqueIdentifier>
    </Filter>
    <Filter Include="Engine\Mesh\Material">
      <UniqueIdentifier>{20bd9b59-b2b6-4910-a471-b66eec181702}</UniqueIdentifier>
    </Filter>
    <Filter Include="Engine\Mesh\Mesh">
      <UniqueIdentifier>{34dfe4a6-9005-4024-997c-8ae3fb0c4dde}</UniqueIdentifier>
    </Filter>
    <Filter Include="Engine\Mesh\MeshletResource">
      <UniqueIdentifier>{00f6cb8a-f9af-4e15-8aa4-61e73fc348d0}</UniqueIdentifier>
    </Filter>
    <Filter Include="Engine\Mesh\MeshLoader">
      <UniqueIdentifier>{ca568542-f903-451e-9059-1c93b56cc944}</UniqueIdentifier>
    </Filter>
    <Filter Include="Engine\Mesh\PolygonMeshResource">
      <UniqueIdentifier>{b50d7968-4b87-47a7-a93e-5e317baa42d2}</UniqueIdentifier>
    </Filter>
    <Filter Include="Engine\Renderer">
      <UniqueIdentifier>{e724b10d-e631-4cb7-8e43-0d45eb0e7b0a}</UniqueIdentifier>
    </Filter>
    <Filter Include="Engine\Renderer\GraphicsView">
      <UniqueIdentifier>{f7b21f33-cd4d-4a96-930e-bb65642bd974}</UniqueIdentifier>
    </Filter>
    <Filter Include="Engine\Renderer\PostProcess">
      <UniqueIdentifier>{dd0dbb75-6f09-46dd-923a-318cbfbd028e}</UniqueIdentifier>
    </Filter>
    <Filter Include="Engine\Renderer\PostProcess\PostProcessEffects">
      <UniqueIdentifier>{d7a14062-10bd-4afe-88f6-1c3eb5145585}</UniqueIdentifier>
    </Filter>
    <Filter Include="Engine\Renderer\PostProcess\PostProcessEffects\BloomEffect">
      <UniqueIdentifier>{ef247c93-7ade-4514-8365-4eb1970ad287}</UniqueIdentifier>
    </Filter>
    <Filter Include="Engine\Renderer\PostProcess\PostProcessStack">
      <UniqueIdentifier>{edb02989-af30-4578-b9a5-206dbf94a502}</UniqueIdentifier>
    </Filter>
    <Filter Include="Engine\Renderer\RendererItem">
      <UniqueIdentifier>{77f410d2-b8d5-4451-b867-483b44e00e48}</UniqueIdentifier>
    </Filter>
    <Filter Include="Engine\Renderer\RenderGraph">
      <UniqueIdentifier>{ba75958a-c0d0-4e33-9f3f-f44820d536f3}</UniqueIdentifier>
    </Filter>
    <Filter Include="Engine\Renderer\RenderQueue">
      <UniqueIdentifier>{b643fe9d-6ace-4fc9-b695-784427eef1ee}</UniqueIdentifier>
    </Filter>
    <Filter Include="Engine\Renderer\RenderQueue\MeshletRenderQueue">
      <UniqueIdentifier>{7fb167f6-1d14-44ec-bbd0-e5c7bb1c204a}</UniqueIdentifier>
    </Filter>
    <Filter Include="Engine\Renderer\SceneOutput">
      <UniqueIdentifier>{114acf8a-e6d1-4b80-bfba-34fc2b5eef39}</UniqueIdentifier>
    </Filter>
    <Filter Include="Engine\Renderer\SceneRenderer">
      <UniqueIdentifier>{21f3ca9c-5b3d-4656-af29-343c7afbe3b0}</UniqueIdentifier>
    </Filter>
    <Filter Include="Engine\Renderer\ViewportTarget">
      <UniqueIdentifier>{e406422b-43ad-435a-ba4d-f4949961fe50}</UniqueIdentifier>
    </Filter>
    <Filter Include="Engine\Resource">
      <UniqueIdentifier>{48e658f6-f45b-8d43-7708-f21532de24d1}</UniqueIdentifier>
    </Filter>
    <Filter Include="Engine\Resource\ModelLibrary">
      <UniqueIdentifier>{adf04bb3-57ca-f69b-fe4c-4f88a7469040}</UniqueIdentifier>
    </Filter>
    <Filter Include="Engine\RHI">
      <UniqueIdentifier>{cfcc7d40-3a7f-4c88-838f-020ce8b94866}</UniqueIdentifier>
    </Filter>
    <Filter Include="Engine\RHI\Core">
      <UniqueIdentifier>{25a09757-1458-425b-af8b-fa68155506db}</UniqueIdentifier>
    </Filter>
    <Filter Include="Engine\RHI\Core\CommandList">
      <UniqueIdentifier>{088d283d-deb9-4bc0-85bf-bedf677c312f}</UniqueIdentifier>
    </Filter>
    <Filter Include="Engine\RHI\Core\Device">
      <UniqueIdentifier>{c040af60-7655-4571-8e24-bf52ecbda8be}</UniqueIdentifier>
    </Filter>
    <Filter Include="Engine\RHI\Core\Fence">
      <UniqueIdentifier>{67aad898-43ea-4c6e-ab9c-61db983e67e5}</UniqueIdentifier>
    </Filter>
    <Filter Include="Engine\RHI\Pipeline">
      <UniqueIdentifier>{cfe60576-10d4-40c6-9737-6a2f3d56c0d7}</UniqueIdentifier>
    </Filter>
    <Filter Include="Engine\RHI\Pipeline\PipelineState">
      <UniqueIdentifier>{4c35545e-3f33-43c2-99af-d8cc9f312171}</UniqueIdentifier>
    </Filter>
    <Filter Include="Engine\RHI\Pipeline\PipelineState\PipelineStateCache">
      <UniqueIdentifier>{24867972-bef2-4a16-9765-f94b867291be}</UniqueIdentifier>
    </Filter>
    <Filter Include="Engine\RHI\Pipeline\PipelineState\PipelineStream">
      <UniqueIdentifier>{64eee72c-e471-401e-aaaa-6c96633ca8c2}</UniqueIdentifier>
    </Filter>
    <Filter Include="Engine\RHI\Pipeline\RootSignature">
      <UniqueIdentifier>{61b28e13-141a-4541-8fd1-3085ff508810}</UniqueIdentifier>
    </Filter>
    <Filter Include="Engine\RHI\Pipeline\RootSignature\RootSignatureLayout">
      <UniqueIdentifier>{ef53b9be-0a8d-47a9-acf9-dc8761f64b6d}</UniqueIdentifier>
    </Filter>
    <Filter Include="Engine\RHI\Resource">
      <UniqueIdentifier>{9747a925-d7e1-4039-a585-b835373e7388}</UniqueIdentifier>
    </Filter>
    <Filter Include="Engine\RHI\Resource\Buffer">
      <UniqueIdentifier>{e94b24a3-192e-4225-9d6f-2cea86bd65cd}</UniqueIdentifier>
    </Filter>
    <Filter Include="Engine\RHI\Resource\Buffer\ConstantBuffer">
      <UniqueIdentifier>{92266933-4513-4196-b411-b6786dfe70de}</UniqueIdentifier>
    </Filter>
    <Filter Include="Engine\RHI\Resource\Buffer\IndexBuffer">
      <UniqueIdentifier>{6e6b27f2-eb07-4d95-b433-b9d0e0084332}</UniqueIdentifier>
    </Filter>
    <Filter Include="Engine\RHI\Resource\Buffer\VertexBuffer">
      <UniqueIdentifier>{075e2c4d-8c97-41db-a6d2-84ec05f43d8a}</UniqueIdentifier>
    </Filter>
    <Filter Include="Engine\RHI\Resource\DescriptorHeap">
      <UniqueIdentifier>{3f704ad9-c471-4a48-b789-675a2cd62fd6}</UniqueIdentifier>
    </Filter>
    <Filter Include="Engine\RHI\Resource\DescriptorHeap\DescriptorPool">
      <UniqueIdentifier>{2ef201bc-7d10-4fd9-9052-7ddadcbe38e4}</UniqueIdentifier>
    </Filter>
    <Filter Include="Engine\RHI\Resource\ResourceStateTracker">
      <UniqueIdentifier>{f534e51f-41fd-4d22-ab23-8f507c3a915a}</UniqueIdentifier>
    </Filter>
    <Filter Include="Engine\RHI\Resource\Sampler">
      <UniqueIdentifier>{13f6ad12-6864-46b0-a331-6a95d432e85e}</UniqueIdentifier>
    </Filter>
    <Filter Include="Engine\RHI\Resource\Target">
      <UniqueIdentifier>{d4957dcd-6042-4c88-90eb-4eeb186c1d85}</UniqueIdentifier>
    </Filter>
    <Filter Include="Engine\RHI\Resource\Target\ColorTarget">
      <UniqueIdentifier>{e2fc110e-cf76-46dc-98e5-12a2f7585585}</UniqueIdentifier>
    </Filter>
    <Filter Include="Engine\RHI\Resource\Target\DepthTarget">
      <UniqueIdentifier>{4c132160-9704-4148-a9e2-3f08bbd80964}</UniqueIdentifier>
    </Filter>
    <Filter Include="Engine\RHI\Resource\Texture">
      <UniqueIdentifier>{d95462d8-32e2-4708-bb53-efb74ce5d9f4}</UniqueIdentifier>
    </Filter>
    <Filter Include="Engine\RHI\Resource\Texture\TextureManager">
      <UniqueIdentifier>{2891ba82-4940-48db-a94a-5e3faf5031d3}</UniqueIdentifier>
    </Filter>
    <Filter Include="Engine\RHI\Resource\Texture\TransientResourcePool">
      <UniqueIdentifier>{c7c62bf7-b518-49d4-b794-7a6b7a201c0d}</UniqueIdentifier>
    </Filter>
    <Filter Include="Engine\Scene">
      <UniqueIdentifier>{5c55ba22-7cc1-41f7-ac7b-8358d82009f0}</UniqueIdentifier>
    </Filter>
    <Filter Include="Engine\Scene\SceneManager">
      <UniqueIdentifier>{14c547cd-b5f7-4f7e-95be-40ebd2b9dd90}</UniqueIdentifier>
    </Filter>
    <Filter Include="Engine\Shader">
      <UniqueIdentifier>{412834f6-d110-b613-f7e1-1b3484ae02d0}</UniqueIdentifier>
    </Filter>
    <Filter Include="Engine\Shader\EditorUIShader">
      <UniqueIdentifier>{83496733-7b80-150d-e5aa-3a31a0815932}</UniqueIdentifier>
    </Filter>
    <Filter Include="Engine\Shader\Mesh">
      <UniqueIdentifier>{655cab91-bc80-b8b4-e601-df74666777f5}</UniqueIdentifier>
    </Filter>
    <Filter Include="Engine\Shader\Mesh\StandardMesh">
      <UniqueIdentifier>{da0e0eaf-cbd5-421b-5d6e-17e0587abe57}</UniqueIdentifier>
    </Filter>
    <Filter Include="Engine\Shader\MeshShader">
      <UniqueIdentifier>{07f15aea-f519-e390-2967-2e4e2bec9fc5}</UniqueIdentifier>
    </Filter>
    <Filter Include="Engine\Shader\ParticleShader">
      <UniqueIdentifier>{4bff5185-1d7b-0566-bc17-625234501d42}</UniqueIdentifier>
    </Filter>
    <Filter Include="Engine\Shader\PostProcessShader">
      <UniqueIdentifier>{2e282d79-2a2a-b0d3-904e-50c47d9f9a76}</UniqueIdentifier>
    </Filter>
    <Filter Include="Engine\Shader\slangTest">
      <UniqueIdentifier>{1487906c-2665-500e-6c3c-fa7c70295456}</UniqueIdentifier>
    </Filter>
    <Filter Include="Engine\Test">
      <UniqueIdentifier>{94fc6e1c-35b2-4172-9637-a145ed9d64bf}</UniqueIdentifier>
    </Filter>
    <Filter Include="Engine\Test\CoopVecMatMulTestRunner">
      <UniqueIdentifier>{02d867c9-3631-4946-b96a-8de5a3b6b358}</UniqueIdentifier>
    </Filter>
    <Filter Include="Engine\Test\CoopVecTestRunner">
      <UniqueIdentifier>{75183592-3294-4074-9f70-b96540925fe9}</UniqueIdentifier>
    </Filter>
    <Filter Include="Engine\Test\NTCdecodeTestRunner">
      <UniqueIdentifier>{2ca34de7-5aef-4099-98b2-b80da14935af}</UniqueIdentifier>
    </Filter>
    <Filter Include="Engine\Test\NTCImageTestRunner">
      <UniqueIdentifier>{e419b018-2f80-4c7a-a24a-7f505f74bd83}</UniqueIdentifier>
    </Filter>
    <Filter Include="Engine\Utility">
      <UniqueIdentifier>{72f26687-33de-4240-b1a2-6aead3f81757}</UniqueIdentifier>
    </Filter>
    <Filter Include="Engine\Utility\ComPtr">
      <UniqueIdentifier>{e66b3797-3c3a-4d23-8eb8-c5aa27685f55}</UniqueIdentifier>
    </Filter>
    <Filter Include="Engine\Utility\Debug">
      <UniqueIdentifier>{57481bf4-6885-cc65-946d-f4919583694d}</UniqueIdentifier>
    </Filter>
    <Filter Include="Engine\Utility\Debug\Logger">
      <UniqueIdentifier>{49e12f8b-d14d-db43-737b-7edae5e528bd}</UniqueIdentifier>
    </Filter>
    <Filter Include="Engine\Utility\FileUtil">
      <UniqueIdentifier>{5d09842c-f14e-4df5-9233-12249131a4be}</UniqueIdentifier>
    </Filter>
    <Filter Include="Engine\Utility\InlineUtil">
      <UniqueIdentifier>{b2a40c33-94e2-472f-9760-264abc50a174}</UniqueIdentifier>
    </Filter>
    <Filter Include="Engine\Utility\JsonLoader">
      <UniqueIdentifier>{d3c51d76-ae4a-456a-8568-673ae1e8a946}</UniqueIdentifier>
    </Filter>
    <Filter Include="Engine\Utility\StringUtil">
      <UniqueIdentifier>{1142cfc3-6a2b-4664-a3f8-f67196e672d0}</UniqueIdentifier>
    </Filter>
    <Filter Include="Game">
      <UniqueIdentifier>{95b2bcec-b1b6-45a2-b137-fb9c29912457}</UniqueIdentifier>
    </Filter>
    <Filter Include="Game\Scene">
      <UniqueIdentifier>{d41df409-cf12-4c11-84b0-84500425b6af}</UniqueIdentifier>
    </Filter>
    <Filter Include="Game\Scene\GameScene">
      <UniqueIdentifier>{be0cd904-5a77-4b1d-8796-574a9388531c}</UniqueIdentifier>
    </Filter>
    <Filter Include="Engine\GameObject\Components\HitComponent">
      <UniqueIdentifier>{59aa023d-d5d4-4afc-85aa-8e197c9decf3}</UniqueIdentifier>
    </Filter>
    <Filter Include="Engine\GameObject\Components\HitComponent\BoxCollisionComponent">
      <UniqueIdentifier>{cc3b9248-0ab3-43a5-a872-13562235b722}</UniqueIdentifier>
    </Filter>
    <Filter Include="Engine\GameObject\Components\HitComponent\BoxCollisionComponent\BoxCollision">
      <UniqueIdentifier>{5b60fe83-cc34-4062-9a55-db58de5436f9}</UniqueIdentifier>
    </Filter>
    <Filter Include="Engine\Math">
      <UniqueIdentifier>{b1920f7d-d437-48cd-8a5a-0f1bd4a95072}</UniqueIdentifier>
    </Filter>
    <Filter Include="Engine\Renderer\RenderQueue\DebugLineRenderQueue">
      <UniqueIdentifier>{68b885c6-3dc3-4ecf-af14-b636b72cf562}</UniqueIdentifier>
    </Filter>
    <Filter Include="Engine\Mesh\DebugLineResource">
      <UniqueIdentifier>{367b4d2d-9f02-4d21-986f-c8096946f7ca}</UniqueIdentifier>
    </Filter>
    <Filter Include="Engine\Shader\Debug">
      <UniqueIdentifier>{f6684bf5-f1ac-48e4-952e-bd0354b0e5c4}</UniqueIdentifier>
    </Filter>
    <Filter Include="Engine\Shader\Debug\DebugLineShader">
      <UniqueIdentifier>{64371d87-0a03-4c8c-8ec8-d36fc46119b0}</UniqueIdentifier>
    </Filter>
    <Filter Include="Engine\Renderer\RendererItem\DebugLineDrawItem">
      <UniqueIdentifier>{50d45bdb-8188-4e0c-9316-c5d84667797f}</UniqueIdentifier>
    </Filter>
  </ItemGroup>
  <ItemGroup>
    <FxCompile Include="Source\Engine\Shader\Mesh\StandardMesh\BindlessTestPS.hlsl">
      <Filter>Engine\Shader\Mesh\StandardMesh</Filter>
    </FxCompile>
  </ItemGroup>
</Project>